{
  "name": "uni-heimayougou",
  "version": "1.0.0",
  "lockfileVersion": 2,
  "requires": true,
  "packages": {
    "": {
      "name": "uni-heimayougou",
      "version": "1.0.0",
      "license": "ISC",
      "dependencies": {
        "uni-ajax": "^2.5.1",
        "uview-ui": "^1.8.8"
      }
    },
    "node_modules/uni-ajax": {
      "version": "2.5.1",
      "resolved": "https://registry.npmmirror.com/uni-ajax/-/uni-ajax-2.5.1.tgz",
      "integrity": "sha512-xmJY/yl5eRAb0b2qujTS1XNYhkSRWGL4PwkYqQrLpH2BMa2v/2zCJtqcTVUmqn4qQtdP3vLoFL86vaH3ABYAZA=="
    },
    "node_modules/uview-ui": {
      "version": "1.8.8",
      "resolved": "https://registry.npmmirror.com/uview-ui/-/uview-ui-1.8.8.tgz",
      "integrity": "sha512-Osal3yzXiHor0In9OPTZuXTaqTbDglMZ9RGK/MPYDoQQs+y0hrBCUD0Xp5T70C8i2lLu2X6Z11zJhmsQWMR7Jg=="
    }
  },
  "dependencies": {
    "uni-ajax": {
      "version": "2.5.1",
      "resolved": "https://registry.npmmirror.com/uni-ajax/-/uni-ajax-2.5.1.tgz",
      "integrity": "sha512-xmJY/yl5eRAb0b2qujTS1XNYhkSRWGL4PwkYqQrLpH2BMa2v/2zCJtqcTVUmqn4qQtdP3vLoFL86vaH3ABYAZA=="
    },
    "uview-ui": {
      "version": "1.8.8",
      "resolved": "https://registry.npmmirror.com/uview-ui/-/uview-ui-1.8.8.tgz",
      "integrity": "sha512-Osal3yzXiHor0In9OPTZuXTaqTbDglMZ9RGK/MPYDoQQs+y0hrBCUD0Xp5T70C8i2lLu2X6Z11zJhmsQWMR7Jg=="
    }
  }
}
